
Microsoft Visual Studio Solution File, Format Version 12.00
# Visual Studio Version 17
VisualStudioVersion = 17.8.34316.72
MinimumVisualStudioVersion = 10.0.40219.1
Project("{8BC9CEB8-8B4A-11D0-8D11-00A0C91BC942}") = "ConsoleApplication111", "ConsoleApplication111.vcxproj", "{FCA56D00-07D8-454C-9317-495098E5C7EA}"
EndProject
Global
	GlobalSection(SolutionConfigurationPlatforms) = preSolution
		Debug|x64 = Debug|x64
		Debug|x86 = Debug|x86
		Release|x64 = Release|x64
		Release|x86 = Release|x86
	EndGlobalSection
	GlobalSection(ProjectConfigurationPlatforms) = postSolution
		{FCA56D00-07D8-454C-9317-495098E5C7EA}.Debug|x64.ActiveCfg = Debug|x64
		{FCA56D00-07D8-454C-9317-495098E5C7EA}.Debug|x64.Build.0 = Debug|x64
		{FCA56D00-07D8-454C-9317-495098E5C7EA}.Debug|x86.ActiveCfg = Debug|Win32
		{FCA56D00-07D8-454C-9317-495098E5C7EA}.Debug|x86.Build.0 = Debug|Win32
		{FCA56D00-07D8-454C-9317-495098E5C7EA}.Release|x64.ActiveCfg = Release|x64
		{FCA56D00-07D8-454C-9317-495098E5C7EA}.Release|x64.Build.0 = Release|x64
		{FCA56D00-07D8-454C-9317-495098E5C7EA}.Release|x86.ActiveCfg = Release|Win32
		{FCA56D00-07D8-454C-9317-495098E5C7EA}.Release|x86.Build.0 = Release|Win32
	EndGlobalSection
	GlobalSection(SolutionProperties) = preSolution
		HideSolutionNode = FALSE
	EndGlobalSection
	GlobalSection(ExtensibilityGlobals) = postSolution
		SolutionGuid = {A4C41DF6-9318-440B-A2A4-24D130444640}
	EndGlobalSection
EndGlobal
